
Microsoft Visual Studio Solution File, Format Version 12.00
# Visual Studio Version 16
VisualStudioVersion = 16.0.30413.136
MinimumVisualStudioVersion = 10.0.40219.1
Project("{FAE04EC0-301F-11D3-BF4B-00C04F79EFBC}") = "App1_ConsultarCEP.UWP", "App1_ConsultarCEP\App1_ConsultarCEP.UWP\App1_ConsultarCEP.UWP.csproj", "{33F406D6-FD66-405E-946A-449114CF142D}"
EndProject
Project("{FAE04EC0-301F-11D3-BF4B-00C04F79EFBC}") = "App1_ConsultarCEP.Android", "App1_ConsultarCEP\App1_ConsultarCEP.Android\App1_ConsultarCEP.Android.csproj", "{CEDB3C54-D6B2-4E33-9AE9-7468E8927B3F}"
EndProject
Project("{FAE04EC0-301F-11D3-BF4B-00C04F79EFBC}") = "App1_ConsultarCEP.iOS", "App1_ConsultarCEP\App1_ConsultarCEP.iOS\App1_ConsultarCEP.iOS.csproj", "{BE2F1DA7-8D5C-4642-829F-349A9F15144D}"
EndProject
Project("{FAE04EC0-301F-11D3-BF4B-00C04F79EFBC}") = "App1_ConsultarCEP", "App1_ConsultarCEP\App1_ConsultarCEP\App1_ConsultarCEP.csproj", "{0B8B089F-851E-496F-9420-F7EE40817EBF}"
EndProject
Global
	GlobalSection(SolutionConfigurationPlatforms) = preSolution
		Debug|Any CPU = Debug|Any CPU
		Debug|ARM = Debug|ARM
		Debug|iPhone = Debug|iPhone
		Debug|iPhoneSimulator = Debug|iPhoneSimulator
		Debug|x64 = Debug|x64
		Debug|x86 = Debug|x86
		Release|Any CPU = Release|Any CPU
		Release|ARM = Release|ARM
		Release|iPhone = Release|iPhone
		Release|iPhoneSimulator = Release|iPhoneSimulator
		Release|x64 = Release|x64
		Release|x86 = Release|x86
	EndGlobalSection
	GlobalSection(ProjectConfigurationPlatforms) = postSolution
		{33F406D6-FD66-405E-946A-449114CF142D}.Debug|Any CPU.ActiveCfg = Debug|x86
		{33F406D6-FD66-405E-946A-449114CF142D}.Debug|Any CPU.Build.0 = Debug|x86
		{33F406D6-FD66-405E-946A-449114CF142D}.Debug|Any CPU.Deploy.0 = Debug|x86
		{33F406D6-FD66-405E-946A-449114CF142D}.Debug|ARM.ActiveCfg = Debug|ARM
		{33F406D6-FD66-405E-946A-449114CF142D}.Debug|ARM.Build.0 = Debug|ARM
		{33F406D6-FD66-405E-946A-449114CF142D}.Debug|ARM.Deploy.0 = Debug|ARM
		{33F406D6-FD66-405E-946A-449114CF142D}.Debug|iPhone.ActiveCfg = Debug|x86
		{33F406D6-FD66-405E-946A-449114CF142D}.Debug|iPhone.Build.0 = Debug|x86
		{33F406D6-FD66-405E-946A-449114CF142D}.Debug|iPhone.Deploy.0 = Debug|x86
		{33F406D6-FD66-405E-946A-449114CF142D}.Debug|iPhoneSimulator.ActiveCfg = Debug|x86
		{33F406D6-FD66-405E-946A-449114CF142D}.Debug|iPhoneSimulator.Build.0 = Debug|x86
		{33F406D6-FD66-405E-946A-449114CF142D}.Debug|iPhoneSimulator.Deploy.0 = Debug|x86
		{33F406D6-FD66-405E-946A-449114CF142D}.Debug|x64.ActiveCfg = Debug|x64
		{33F406D6-FD66-405E-946A-449114CF142D}.Debug|x64.Build.0 = Debug|x64
		{33F406D6-FD66-405E-946A-449114CF142D}.Debug|x64.Deploy.0 = Debug|x64
		{33F406D6-FD66-405E-946A-449114CF142D}.Debug|x86.ActiveCfg = Debug|x86
		{33F406D6-FD66-405E-946A-449114CF142D}.Debug|x86.Build.0 = Debug|x86
		{33F406D6-FD66-405E-946A-449114CF142D}.Debug|x86.Deploy.0 = Debug|x86
		{33F406D6-FD66-405E-946A-449114CF142D}.Release|Any CPU.ActiveCfg = Release|x86
		{33F406D6-FD66-405E-946A-449114CF142D}.Release|Any CPU.Build.0 = Release|x86
		{33F406D6-FD66-405E-946A-449114CF142D}.Release|Any CPU.Deploy.0 = Release|x86
		{33F406D6-FD66-405E-946A-449114CF142D}.Release|ARM.ActiveCfg = Release|ARM
		{33F406D6-FD66-405E-946A-449114CF142D}.Release|ARM.Build.0 = Release|ARM
		{33F406D6-FD66-405E-946A-449114CF142D}.Release|ARM.Deploy.0 = Release|ARM
		{33F406D6-FD66-405E-946A-449114CF142D}.Release|iPhone.ActiveCfg = Release|x86
		{33F406D6-FD66-405E-946A-449114CF142D}.Release|iPhone.Build.0 = Release|x86
		{33F406D6-FD66-405E-946A-449114CF142D}.Release|iPhone.Deploy.0 = Release|x86
		{33F406D6-FD66-405E-946A-449114CF142D}.Release|iPhoneSimulator.ActiveCfg = Release|x86
		{33F406D6-FD66-405E-946A-449114CF142D}.Release|iPhoneSimulator.Build.0 = Release|x86
		{33F406D6-FD66-405E-946A-449114CF142D}.Release|iPhoneSimulator.Deploy.0 = Release|x86
		{33F406D6-FD66-405E-946A-449114CF142D}.Release|x64.ActiveCfg = Release|x64
		{33F406D6-FD66-405E-946A-449114CF142D}.Release|x64.Build.0 = Release|x64
		{33F406D6-FD66-405E-946A-449114CF142D}.Release|x64.Deploy.0 = Release|x64
		{33F406D6-FD66-405E-946A-449114CF142D}.Release|x86.ActiveCfg = Release|x86
		{33F406D6-FD66-405E-946A-449114CF142D}.Release|x86.Build.0 = Release|x86
		{33F406D6-FD66-405E-946A-449114CF142D}.Release|x86.Deploy.0 = Release|x86
		{CEDB3C54-D6B2-4E33-9AE9-7468E8927B3F}.Debug|Any CPU.ActiveCfg = Debug|Any CPU
		{CEDB3C54-D6B2-4E33-9AE9-7468E8927B3F}.Debug|Any CPU.Build.0 = Debug|Any CPU
		{CEDB3C54-D6B2-4E33-9AE9-7468E8927B3F}.Debug|Any CPU.Deploy.0 = Debug|Any CPU
		{CEDB3C54-D6B2-4E33-9AE9-7468E8927B3F}.Debug|ARM.ActiveCfg = Debug|Any CPU
		{CEDB3C54-D6B2-4E33-9AE9-7468E8927B3F}.Debug|ARM.Build.0 = Debug|Any CPU
		{CEDB3C54-D6B2-4E33-9AE9-7468E8927B3F}.Debug|ARM.Deploy.0 = Debug|Any CPU
		{CEDB3C54-D6B2-4E33-9AE9-7468E8927B3F}.Debug|iPhone.ActiveCfg = Debug|Any CPU
		{CEDB3C54-D6B2-4E33-9AE9-7468E8927B3F}.Debug|iPhone.Build.0 = Debug|Any CPU
		{CEDB3C54-D6B2-4E33-9AE9-7468E8927B3F}.Debug|iPhone.Deploy.0 = Debug|Any CPU
		{CEDB3C54-D6B2-4E33-9AE9-7468E8927B3F}.Debug|iPhoneSimulator.ActiveCfg = Debug|Any CPU
		{CEDB3C54-D6B2-4E33-9AE9-7468E8927B3F}.Debug|iPhoneSimulator.Build.0 = Debug|Any CPU
		{CEDB3C54-D6B2-4E33-9AE9-7468E8927B3F}.Debug|iPhoneSimulator.Deploy.0 = Debug|Any CPU
		{CEDB3C54-D6B2-4E33-9AE9-7468E8927B3F}.Debug|x64.ActiveCfg = Debug|Any CPU
		{CEDB3C54-D6B2-4E33-9AE9-7468E8927B3F}.Debug|x64.Build.0 = Debug|Any CPU
		{CEDB3C54-D6B2-4E33-9AE9-7468E8927B3F}.Debug|x64.Deploy.0 = Debug|Any CPU
		{CEDB3C54-D6B2-4E33-9AE9-7468E8927B3F}.Debug|x86.ActiveCfg = Debug|Any CPU
		{CEDB3C54-D6B2-4E33-9AE9-7468E8927B3F}.Debug|x86.Build.0 = Debug|Any CPU
		{CEDB3C54-D6B2-4E33-9AE9-7468E8927B3F}.Debug|x86.Deploy.0 = Debug|Any CPU
		{CEDB3C54-D6B2-4E33-9AE9-7468E8927B3F}.Release|Any CPU.ActiveCfg = Release|Any CPU
		{CEDB3C54-D6B2-4E33-9AE9-7468E8927B3F}.Release|Any CPU.Build.0 = Release|Any CPU
		{CEDB3C54-D6B2-4E33-9AE9-7468E8927B3F}.Release|Any CPU.Deploy.0 = Release|Any CPU
		{CEDB3C54-D6B2-4E33-9AE9-7468E8927B3F}.Release|ARM.ActiveCfg = Release|Any CPU
		{CEDB3C54-D6B2-4E33-9AE9-7468E8927B3F}.Release|ARM.Build.0 = Release|Any CPU
		{CEDB3C54-D6B2-4E33-9AE9-7468E8927B3F}.Release|ARM.Deploy.0 = Release|Any CPU
		{CEDB3C54-D6B2-4E33-9AE9-7468E8927B3F}.Release|iPhone.ActiveCfg = Release|Any CPU
		{CEDB3C54-D6B2-4E33-9AE9-7468E8927B3F}.Release|iPhone.Build.0 = Release|Any CPU
		{CEDB3C54-D6B2-4E33-9AE9-7468E8927B3F}.Release|iPhone.Deploy.0 = Release|Any CPU
		{CEDB3C54-D6B2-4E33-9AE9-7468E8927B3F}.Release|iPhoneSimulator.ActiveCfg = Release|Any CPU
		{CEDB3C54-D6B2-4E33-9AE9-7468E8927B3F}.Release|iPhoneSimulator.Build.0 = Release|Any CPU
		{CEDB3C54-D6B2-4E33-9AE9-7468E8927B3F}.Release|iPhoneSimulator.Deploy.0 = Release|Any CPU
		{CEDB3C54-D6B2-4E33-9AE9-7468E8927B3F}.Release|x64.ActiveCfg = Release|Any CPU
		{CEDB3C54-D6B2-4E33-9AE9-7468E8927B3F}.Release|x64.Build.0 = Release|Any CPU
		{CEDB3C54-D6B2-4E33-9AE9-7468E8927B3F}.Release|x64.Deploy.0 = Release|Any CPU
		{CEDB3C54-D6B2-4E33-9AE9-7468E8927B3F}.Release|x86.ActiveCfg = Release|Any CPU
		{CEDB3C54-D6B2-4E33-9AE9-7468E8927B3F}.Release|x86.Build.0 = Release|Any CPU
		{CEDB3C54-D6B2-4E33-9AE9-7468E8927B3F}.Release|x86.Deploy.0 = Release|Any CPU
		{BE2F1DA7-8D5C-4642-829F-349A9F15144D}.Debug|Any CPU.ActiveCfg = Debug|iPhone
		{BE2F1DA7-8D5C-4642-829F-349A9F15144D}.Debug|Any CPU.Build.0 = Debug|iPhone
		{BE2F1DA7-8D5C-4642-829F-349A9F15144D}.Debug|Any CPU.Deploy.0 = Debug|iPhone
		{BE2F1DA7-8D5C-4642-829F-349A9F15144D}.Debug|ARM.ActiveCfg = Debug|iPhone
		{BE2F1DA7-8D5C-4642-829F-349A9F15144D}.Debug|ARM.Build.0 = Debug|iPhone
		{BE2F1DA7-8D5C-4642-829F-349A9F15144D}.Debug|ARM.Deploy.0 = Debug|iPhone
		{BE2F1DA7-8D5C-4642-829F-349A9F15144D}.Debug|iPhone.ActiveCfg = Debug|iPhone
		{BE2F1DA7-8D5C-4642-829F-349A9F15144D}.Debug|iPhone.Build.0 = Debug|iPhone
		{BE2F1DA7-8D5C-4642-829F-349A9F15144D}.Debug|iPhone.Deploy.0 = Debug|iPhone
		{BE2F1DA7-8D5C-4642-829F-349A9F15144D}.Debug|iPhoneSimulator.ActiveCfg = Debug|iPhoneSimulator
		{BE2F1DA7-8D5C-4642-829F-349A9F15144D}.Debug|iPhoneSimulator.Build.0 = Debug|iPhoneSimulator
		{BE2F1DA7-8D5C-4642-829F-349A9F15144D}.Debug|iPhoneSimulator.Deploy.0 = Debug|iPhoneSimulator
		{BE2F1DA7-8D5C-4642-829F-349A9F15144D}.Debug|x64.ActiveCfg = Debug|iPhone
		{BE2F1DA7-8D5C-4642-829F-349A9F15144D}.Debug|x64.Build.0 = Debug|iPhone
		{BE2F1DA7-8D5C-4642-829F-349A9F15144D}.Debug|x64.Deploy.0 = Debug|iPhone
		{BE2F1DA7-8D5C-4642-829F-349A9F15144D}.Debug|x86.ActiveCfg = Debug|iPhone
		{BE2F1DA7-8D5C-4642-829F-349A9F15144D}.Debug|x86.Build.0 = Debug|iPhone
		{BE2F1DA7-8D5C-4642-829F-349A9F15144D}.Debug|x86.Deploy.0 = Debug|iPhone
		{BE2F1DA7-8D5C-4642-829F-349A9F15144D}.Release|Any CPU.ActiveCfg = Release|iPhone
		{BE2F1DA7-8D5C-4642-829F-349A9F15144D}.Release|Any CPU.Build.0 = Release|iPhone
		{BE2F1DA7-8D5C-4642-829F-349A9F15144D}.Release|Any CPU.Deploy.0 = Release|iPhone
		{BE2F1DA7-8D5C-4642-829F-349A9F15144D}.Release|ARM.ActiveCfg = Release|iPhone
		{BE2F1DA7-8D5C-4642-829F-349A9F15144D}.Release|ARM.Build.0 = Release|iPhone
		{BE2F1DA7-8D5C-4642-829F-349A9F15144D}.Release|ARM.Deploy.0 = Release|iPhone
		{BE2F1DA7-8D5C-4642-829F-349A9F15144D}.Release|iPhone.ActiveCfg = Release|iPhone
		{BE2F1DA7-8D5C-4642-829F-349A9F15144D}.Release|iPhone.Build.0 = Release|iPhone
		{BE2F1DA7-8D5C-4642-829F-349A9F15144D}.Release|iPhone.Deploy.0 = Release|iPhone
		{BE2F1DA7-8D5C-4642-829F-349A9F15144D}.Release|iPhoneSimulator.ActiveCfg = Release|iPhoneSimulator
		{BE2F1DA7-8D5C-4642-829F-349A9F15144D}.Release|iPhoneSimulator.Build.0 = Release|iPhoneSimulator
		{BE2F1DA7-8D5C-4642-829F-349A9F15144D}.Release|iPhoneSimulator.Deploy.0 = Release|iPhoneSimulator
		{BE2F1DA7-8D5C-4642-829F-349A9F15144D}.Release|x64.ActiveCfg = Release|iPhone
		{BE2F1DA7-8D5C-4642-829F-349A9F15144D}.Release|x64.Build.0 = Release|iPhone
		{BE2F1DA7-8D5C-4642-829F-349A9F15144D}.Release|x64.Deploy.0 = Release|iPhone
		{BE2F1DA7-8D5C-4642-829F-349A9F15144D}.Release|x86.ActiveCfg = Release|iPhone
		{BE2F1DA7-8D5C-4642-829F-349A9F15144D}.Release|x86.Build.0 = Release|iPhone
		{BE2F1DA7-8D5C-4642-829F-349A9F15144D}.Release|x86.Deploy.0 = Release|iPhone
		{0B8B089F-851E-496F-9420-F7EE40817EBF}.Debug|Any CPU.ActiveCfg = Debug|Any CPU
		{0B8B089F-851E-496F-9420-F7EE40817EBF}.Debug|Any CPU.Build.0 = Debug|Any CPU
		{0B8B089F-851E-496F-9420-F7EE40817EBF}.Debug|Any CPU.Deploy.0 = Debug|Any CPU
		{0B8B089F-851E-496F-9420-F7EE40817EBF}.Debug|ARM.ActiveCfg = Debug|Any CPU
		{0B8B089F-851E-496F-9420-F7EE40817EBF}.Debug|ARM.Build.0 = Debug|Any CPU
		{0B8B089F-851E-496F-9420-F7EE40817EBF}.Debug|ARM.Deploy.0 = Debug|Any CPU
		{0B8B089F-851E-496F-9420-F7EE40817EBF}.Debug|iPhone.ActiveCfg = Debug|Any CPU
		{0B8B089F-851E-496F-9420-F7EE40817EBF}.Debug|iPhone.Build.0 = Debug|Any CPU
		{0B8B089F-851E-496F-9420-F7EE40817EBF}.Debug|iPhone.Deploy.0 = Debug|Any CPU
		{0B8B089F-851E-496F-9420-F7EE40817EBF}.Debug|iPhoneSimulator.ActiveCfg = Debug|Any CPU
		{0B8B089F-851E-496F-9420-F7EE40817EBF}.Debug|iPhoneSimulator.Build.0 = Debug|Any CPU
		{0B8B089F-851E-496F-9420-F7EE40817EBF}.Debug|iPhoneSimulator.Deploy.0 = Debug|Any CPU
		{0B8B089F-851E-496F-9420-F7EE40817EBF}.Debug|x64.ActiveCfg = Debug|Any CPU
		{0B8B089F-851E-496F-9420-F7EE40817EBF}.Debug|x64.Build.0 = Debug|Any CPU
		{0B8B089F-851E-496F-9420-F7EE40817EBF}.Debug|x64.Deploy.0 = Debug|Any CPU
		{0B8B089F-851E-496F-9420-F7EE40817EBF}.Debug|x86.ActiveCfg = Debug|Any CPU
		{0B8B089F-851E-496F-9420-F7EE40817EBF}.Debug|x86.Build.0 = Debug|Any CPU
		{0B8B089F-851E-496F-9420-F7EE40817EBF}.Debug|x86.Deploy.0 = Debug|Any CPU
		{0B8B089F-851E-496F-9420-F7EE40817EBF}.Release|Any CPU.ActiveCfg = Release|Any CPU
		{0B8B089F-851E-496F-9420-F7EE40817EBF}.Release|Any CPU.Build.0 = Release|Any CPU
		{0B8B089F-851E-496F-9420-F7EE40817EBF}.Release|Any CPU.Deploy.0 = Release|Any CPU
		{0B8B089F-851E-496F-9420-F7EE40817EBF}.Release|ARM.ActiveCfg = Release|Any CPU
		{0B8B089F-851E-496F-9420-F7EE40817EBF}.Release|ARM.Build.0 = Release|Any CPU
		{0B8B089F-851E-496F-9420-F7EE40817EBF}.Release|ARM.Deploy.0 = Release|Any CPU
		{0B8B089F-851E-496F-9420-F7EE40817EBF}.Release|iPhone.ActiveCfg = Release|Any CPU
		{0B8B089F-851E-496F-9420-F7EE40817EBF}.Release|iPhone.Build.0 = Release|Any CPU
		{0B8B089F-851E-496F-9420-F7EE40817EBF}.Release|iPhone.Deploy.0 = Release|Any CPU
		{0B8B089F-851E-496F-9420-F7EE40817EBF}.Release|iPhoneSimulator.ActiveCfg = Release|Any CPU
		{0B8B089F-851E-496F-9420-F7EE40817EBF}.Release|iPhoneSimulator.Build.0 = Release|Any CPU
		{0B8B089F-851E-496F-9420-F7EE40817EBF}.Release|iPhoneSimulator.Deploy.0 = Release|Any CPU
		{0B8B089F-851E-496F-9420-F7EE40817EBF}.Release|x64.ActiveCfg = Release|Any CPU
		{0B8B089F-851E-496F-9420-F7EE40817EBF}.Release|x64.Build.0 = Release|Any CPU
		{0B8B089F-851E-496F-9420-F7EE40817EBF}.Release|x64.Deploy.0 = Release|Any CPU
		{0B8B089F-851E-496F-9420-F7EE40817EBF}.Release|x86.ActiveCfg = Release|Any CPU
		{0B8B089F-851E-496F-9420-F7EE40817EBF}.Release|x86.Build.0 = Release|Any CPU
		{0B8B089F-851E-496F-9420-F7EE40817EBF}.Release|x86.Deploy.0 = Release|Any CPU
	EndGlobalSection
	GlobalSection(SolutionProperties) = preSolution
		HideSolutionNode = FALSE
	EndGlobalSection
	GlobalSection(ExtensibilityGlobals) = postSolution
		SolutionGuid = {D4C260BB-92EF-415A-91F0-2C30C017321D}
	EndGlobalSection
EndGlobal
